// !$*UTF8*$!
{
	archiveVersion = 1;
	classes = {
	};
	objectVersion = 56;
	objects = {

/* Begin PBXBuildFile section */
		42AC0D3C2B53143700B51FC9 /* AppDelegate.swift in Sources */ = {isa = PBXBuildFile; fileRef = 42AC0D3B2B53143700B51FC9 /* AppDelegate.swift */; };
		42AC0D3E2B53143700B51FC9 /* SceneDelegate.swift in Sources */ = {isa = PBXBuildFile; fileRef = 42AC0D3D2B53143700B51FC9 /* SceneDelegate.swift */; };
		42AC0D402B53143700B51FC9 /* MainTabBarViewController.swift in Sources */ = {isa = PBXBuildFile; fileRef = 42AC0D3F2B53143700B51FC9 /* MainTabBarViewController.swift */; };
		42AC0D452B53143800B51FC9 /* Assets.xcassets in Resources */ = {isa = PBXBuildFile; fileRef = 42AC0D442B53143800B51FC9 /* Assets.xcassets */; };
		42AC0D482B53143800B51FC9 /* LaunchScreen.storyboard in Resources */ = {isa = PBXBuildFile; fileRef = 42AC0D462B53143800B51FC9 /* LaunchScreen.storyboard */; };
		42AC0D542B531D7800B51FC9 /* HomeViewController.swift in Sources */ = {isa = PBXBuildFile; fileRef = 42AC0D532B531D7800B51FC9 /* HomeViewController.swift */; };
		42AC0D562B531DA300B51FC9 /* UpcommingViewController.swift in Sources */ = {isa = PBXBuildFile; fileRef = 42AC0D552B531DA300B51FC9 /* UpcommingViewController.swift */; };
		42AC0D582B531DED00B51FC9 /* SearchViewController.swift in Sources */ = {isa = PBXBuildFile; fileRef = 42AC0D572B531DED00B51FC9 /* SearchViewController.swift */; };
		42AC0D5A2B531E0300B51FC9 /* DownloadsViewController.swift in Sources */ = {isa = PBXBuildFile; fileRef = 42AC0D592B531E0300B51FC9 /* DownloadsViewController.swift */; };
		42AC0D5C2B53EADE00B51FC9 /* CollectionViewTableViewCell.swift in Sources */ = {isa = PBXBuildFile; fileRef = 42AC0D5B2B53EADE00B51FC9 /* CollectionViewTableViewCell.swift */; };
		42AC0D5E2B53FE4F00B51FC9 /* HeroHearderUIView.swift in Sources */ = {isa = PBXBuildFile; fileRef = 42AC0D5D2B53FE4F00B51FC9 /* HeroHearderUIView.swift */; };
/* End PBXBuildFile section */

/* Begin PBXFileReference section */
		42AC0D382B53143700B51FC9 /* LineFlixMovie.app */ = {isa = PBXFileReference; explicitFileType = wrapper.application; includeInIndex = 0; path = LineFlixMovie.app; sourceTree = BUILT_PRODUCTS_DIR; };
		42AC0D3B2B53143700B51FC9 /* AppDelegate.swift */ = {isa = PBXFileReference; lastKnownFileType = sourcecode.swift; path = AppDelegate.swift; sourceTree = "<group>"; };
		42AC0D3D2B53143700B51FC9 /* SceneDelegate.swift */ = {isa = PBXFileReference; lastKnownFileType = sourcecode.swift; path = SceneDelegate.swift; sourceTree = "<group>"; };
		42AC0D3F2B53143700B51FC9 /* MainTabBarViewController.swift */ = {isa = PBXFileReference; lastKnownFileType = sourcecode.swift; path = MainTabBarViewController.swift; sourceTree = "<group>"; };
		42AC0D442B53143800B51FC9 /* Assets.xcassets */ = {isa = PBXFileReference; lastKnownFileType = folder.assetcatalog; path = Assets.xcassets; sourceTree = "<group>"; };
		42AC0D472B53143800B51FC9 /* Base */ = {isa = PBXFileReference; lastKnownFileType = file.storyboard; name = Base; path = Base.lproj/LaunchScreen.storyboard; sourceTree = "<group>"; };
		42AC0D492B53143800B51FC9 /* Info.plist */ = {isa = PBXFileReference; lastKnownFileType = text.plist.xml; path = Info.plist; sourceTree = "<group>"; };
		42AC0D532B531D7800B51FC9 /* HomeViewController.swift */ = {isa = PBXFileReference; lastKnownFileType = sourcecode.swift; path = HomeViewController.swift; sourceTree = "<group>"; };
		42AC0D552B531DA300B51FC9 /* UpcommingViewController.swift */ = {isa = PBXFileReference; lastKnownFileType = sourcecode.swift; path = UpcommingViewController.swift; sourceTree = "<group>"; };
		42AC0D572B531DED00B51FC9 /* SearchViewController.swift */ = {isa = PBXFileReference; lastKnownFileType = sourcecode.swift; path = SearchViewController.swift; sourceTree = "<group>"; };
		42AC0D592B531E0300B51FC9 /* DownloadsViewController.swift */ = {isa = PBXFileReference; lastKnownFileType = sourcecode.swift; path = DownloadsViewController.swift; sourceTree = "<group>"; };
		42AC0D5B2B53EADE00B51FC9 /* CollectionViewTableViewCell.swift */ = {isa = PBXFileReference; lastKnownFileType = sourcecode.swift; path = CollectionViewTableViewCell.swift; sourceTree = "<group>"; };
		42AC0D5D2B53FE4F00B51FC9 /* HeroHearderUIView.swift */ = {isa = PBXFileReference; lastKnownFileType = sourcecode.swift; path = HeroHearderUIView.swift; sourceTree = "<group>"; };
/* End PBXFileReference section */

/* Begin PBXFrameworksBuildPhase section */
		42AC0D352B53143700B51FC9 /* Frameworks */ = {
			isa = PBXFrameworksBuildPhase;
			buildActionMask = 2147483647;
			files = (
			);
			runOnlyForDeploymentPostprocessing = 0;
		};
/* End PBXFrameworksBuildPhase section */

/* Begin PBXGroup section */
		42AC0D2F2B53143700B51FC9 = {
			isa = PBXGroup;
			children = (
				42AC0D3A2B53143700B51FC9 /* LineFlixMovie */,
				42AC0D392B53143700B51FC9 /* Products */,
			);
			sourceTree = "<group>";
		};
		42AC0D392B53143700B51FC9 /* Products */ = {
			isa = PBXGroup;
			children = (
				42AC0D382B53143700B51FC9 /* LineFlixMovie.app */,
			);
			name = Products;
			sourceTree = "<group>";
		};
		42AC0D3A2B53143700B51FC9 /* LineFlixMovie */ = {
			isa = PBXGroup;
			children = (
				42AC0D522B531D2D00B51FC9 /* Models */,
				42AC0D502B531D0100B51FC9 /* Views */,
				42AC0D512B531D1600B51FC9 /* ViewModels */,
				42AC0D4F2B531CF100B51FC9 /* Controllers */,
				42AC0D3B2B53143700B51FC9 /* AppDelegate.swift */,
				42AC0D3D2B53143700B51FC9 /* SceneDelegate.swift */,
				42AC0D3F2B53143700B51FC9 /* MainTabBarViewController.swift */,
				42AC0D442B53143800B51FC9 /* Assets.xcassets */,
				42AC0D462B53143800B51FC9 /* LaunchScreen.storyboard */,
				42AC0D492B53143800B51FC9 /* Info.plist */,
			);
			path = LineFlixMovie;
			sourceTree = "<group>";
		};
		42AC0D4F2B531CF100B51FC9 /* Controllers */ = {
			isa = PBXGroup;
			children = (
				42AC0D532B531D7800B51FC9 /* HomeViewController.swift */,
				42AC0D552B531DA300B51FC9 /* UpcommingViewController.swift */,
				42AC0D572B531DED00B51FC9 /* SearchViewController.swift */,
				42AC0D592B531E0300B51FC9 /* DownloadsViewController.swift */,
			);
			path = Controllers;
			sourceTree = "<group>";
		};
		42AC0D502B531D0100B51FC9 /* Views */ = {
			isa = PBXGroup;
			children = (
				42AC0D5B2B53EADE00B51FC9 /* CollectionViewTableViewCell.swift */,
				42AC0D5D2B53FE4F00B51FC9 /* HeroHearderUIView.swift */,
			);
			path = Views;
			sourceTree = "<group>";
		};
		42AC0D512B531D1600B51FC9 /* ViewModels */ = {
			isa = PBXGroup;
			children = (
			);
			path = ViewModels;
			sourceTree = "<group>";
		};
		42AC0D522B531D2D00B51FC9 /* Models */ = {
			isa = PBXGroup;
			children = (
			);
			path = Models;
			sourceTree = "<group>";
		};
/* End PBXGroup section */

/* Begin PBXNativeTarget section */
		42AC0D372B53143700B51FC9 /* LineFlixMovie */ = {
			isa = PBXNativeTarget;
			buildConfigurationList = 42AC0D4C2B53143800B51FC9 /* Build configuration list for PBXNativeTarget "LineFlixMovie" */;
			buildPhases = (
				42AC0D342B53143700B51FC9 /* Sources */,
				42AC0D352B53143700B51FC9 /* Frameworks */,
				42AC0D362B53143700B51FC9 /* Resources */,
			);
			buildRules = (
			);
			dependencies = (
			);
			name = LineFlixMovie;
			productName = LineFlixMovie;
			productReference = 42AC0D382B53143700B51FC9 /* LineFlixMovie.app */;
			productType = "com.apple.product-type.application";
		};
/* End PBXNativeTarget section */

/* Begin PBXProject section */
		42AC0D302B53143700B51FC9 /* Project object */ = {
			isa = PBXProject;
			attributes = {
				BuildIndependentTargetsInParallel = 1;
				LastSwiftUpdateCheck = 1520;
				LastUpgradeCheck = 1520;
				TargetAttributes = {
					42AC0D372B53143700B51FC9 = {
						CreatedOnToolsVersion = 15.2;
					};
				};
			};
			buildConfigurationList = 42AC0D332B53143700B51FC9 /* Build configuration list for PBXProject "LineFlixMovie" */;
			compatibilityVersion = "Xcode 14.0";
			developmentRegion = en;
			hasScannedForEncodings = 0;
			knownRegions = (
				en,
				Base,
			);
			mainGroup = 42AC0D2F2B53143700B51FC9;
			productRefGroup = 42AC0D392B53143700B51FC9 /* Products */;
			projectDirPath = "";
			projectRoot = "";
			targets = (
				42AC0D372B53143700B51FC9 /* LineFlixMovie */,
			);
		};
/* End PBXProject section */

/* Begin PBXResourcesBuildPhase section */
		42AC0D362B53143700B51FC9 /* Resources */ = {
			isa = PBXResourcesBuildPhase;
			buildActionMask = 2147483647;
			files = (
				42AC0D482B53143800B51FC9 /* LaunchScreen.storyboard in Resources */,
				42AC0D452B53143800B51FC9 /* Assets.xcassets in Resources */,
			);
			runOnlyForDeploymentPostprocessing = 0;
		};
/* End PBXResourcesBuildPhase section */

/* Begin PBXSourcesBuildPhase section */
		42AC0D342B53143700B51FC9 /* Sources */ = {
			isa = PBXSourcesBuildPhase;
			buildActionMask = 2147483647;
			files = (
				42AC0D582B531DED00B51FC9 /* SearchViewController.swift in Sources */,
				42AC0D402B53143700B51FC9 /* MainTabBarViewController.swift in Sources */,
				42AC0D5C2B53EADE00B51FC9 /* CollectionViewTableViewCell.swift in Sources */,
				42AC0D5E2B53FE4F00B51FC9 /* HeroHearderUIView.swift in Sources */,
				42AC0D5A2B531E0300B51FC9 /* DownloadsViewController.swift in Sources */,
				42AC0D3C2B53143700B51FC9 /* AppDelegate.swift in Sources */,
				42AC0D562B531DA300B51FC9 /* UpcommingViewController.swift in Sources */,
				42AC0D3E2B53143700B51FC9 /* SceneDelegate.swift in Sources */,
				42AC0D542B531D7800B51FC9 /* HomeViewController.swift in Sources */,
			);
			runOnlyForDeploymentPostprocessing = 0;
		};
/* End PBXSourcesBuildPhase section */

/* Begin PBXVariantGroup section */
		42AC0D462B53143800B51FC9 /* LaunchScreen.storyboard */ = {
			isa = PBXVariantGroup;
			children = (
				42AC0D472B53143800B51FC9 /* Base */,
			);
			name = LaunchScreen.storyboard;
			sourceTree = "<group>";
		};
/* End PBXVariantGroup section */

/* Begin XCBuildConfiguration section */
		42AC0D4A2B53143800B51FC9 /* Debug */ = {
			isa = XCBuildConfiguration;
			buildSettings = {
				ALWAYS_SEARCH_USER_PATHS = NO;
				ASSETCATALOG_COMPILER_GENERATE_SWIFT_ASSET_SYMBOL_EXTENSIONS = YES;
				CLANG_ANALYZER_NONNULL = YES;
				CLANG_ANALYZER_NUMBER_OBJECT_CONVERSION = YES_AGGRESSIVE;
				CLANG_CXX_LANGUAGE_STANDARD = "gnu++20";
				CLANG_ENABLE_MODULES = YES;
				CLANG_ENABLE_OBJC_ARC = YES;
				CLANG_ENABLE_OBJC_WEAK = YES;
				CLANG_WARN_BLOCK_CAPTURE_AUTORELEASING = YES;
				CLANG_WARN_BOOL_CONVERSION = YES;
				CLANG_WARN_COMMA = YES;
				CLANG_WARN_CONSTANT_CONVERSION = YES;
				CLANG_WARN_DEPRECATED_OBJC_IMPLEMENTATIONS = YES;
				CLANG_WARN_DIRECT_OBJC_ISA_USAGE = YES_ERROR;
				CLANG_WARN_DOCUMENTATION_COMMENTS = YES;
				CLANG_WARN_EMPTY_BODY = YES;
				CLANG_WARN_ENUM_CONVERSION = YES;
				CLANG_WARN_INFINITE_RECURSION = YES;
				CLANG_WARN_INT_CONVERSION = YES;
				CLANG_WARN_NON_LITERAL_NULL_CONVERSION = YES;
				CLANG_WARN_OBJC_IMPLICIT_RETAIN_SELF = YES;
				CLANG_WARN_OBJC_LITERAL_CONVERSION = YES;
				CLANG_WARN_OBJC_ROOT_CLASS = YES_ERROR;
				CLANG_WARN_QUOTED_INCLUDE_IN_FRAMEWORK_HEADER = YES;
				CLANG_WARN_RANGE_LOOP_ANALYSIS = YES;
				CLANG_WARN_STRICT_PROTOTYPES = YES;
				CLANG_WARN_SUSPICIOUS_MOVE = YES;
				CLANG_WARN_UNGUARDED_AVAILABILITY = YES_AGGRESSIVE;
				CLANG_WARN_UNREACHABLE_CODE = YES;
				CLANG_WARN__DUPLICATE_METHOD_MATCH = YES;
				COPY_PHASE_STRIP = NO;
				DEBUG_INFORMATION_FORMAT = dwarf;
				ENABLE_STRICT_OBJC_MSGSEND = YES;
				ENABLE_TESTABILITY = YES;
				ENABLE_USER_SCRIPT_SANDBOXING = YES;
				GCC_C_LANGUAGE_STANDARD = gnu17;
				GCC_DYNAMIC_NO_PIC = NO;
				GCC_NO_COMMON_BLOCKS = YES;
				GCC_OPTIMIZATION_LEVEL = 0;
				GCC_PREPROCESSOR_DEFINITIONS = (
					"DEBUG=1",
					"$(inherited)",
				);
				GCC_WARN_64_TO_32_BIT_CONVERSION = YES;
				GCC_WARN_ABOUT_RETURN_TYPE = YES_ERROR;
				GCC_WARN_UNDECLARED_SELECTOR = YES;
				GCC_WARN_UNINITIALIZED_AUTOS = YES_AGGRESSIVE;
				GCC_WARN_UNUSED_FUNCTION = YES;
				GCC_WARN_UNUSED_VARIABLE = YES;
				IPHONEOS_DEPLOYMENT_TARGET = 17.2;
				LOCALIZATION_PREFERS_STRING_CATALOGS = YES;
				MTL_ENABLE_DEBUG_INFO = INCLUDE_SOURCE;
				MTL_FAST_MATH = YES;
				ONLY_ACTIVE_ARCH = YES;
				SDKROOT = iphoneos;
				SWIFT_ACTIVE_COMPILATION_CONDITIONS = "DEBUG $(inherited)";
				SWIFT_OPTIMIZATION_LEVEL = "-Onone";
			};
			name = Debug;
		};
		42AC0D4B2B53143800B51FC9 /* Release */ = {
			isa = XCBuildConfiguration;
			buildSettings = {
				ALWAYS_SEARCH_USER_PATHS = NO;
				ASSETCATALOG_COMPILER_GENERATE_SWIFT_ASSET_SYMBOL_EXTENSIONS = YES;
				CLANG_ANALYZER_NONNULL = YES;
				CLANG_ANALYZER_NUMBER_OBJECT_CONVERSION = YES_AGGRESSIVE;
				CLANG_CXX_LANGUAGE_STANDARD = "gnu++20";
				CLANG_ENABLE_MODULES = YES;
				CLANG_ENABLE_OBJC_ARC = YES;
				CLANG_ENABLE_OBJC_WEAK = YES;
				CLANG_WARN_BLOCK_CAPTURE_AUTORELEASING = YES;
				CLANG_WARN_BOOL_CONVERSION = YES;
				CLANG_WARN_COMMA = YES;
				CLANG_WARN_CONSTANT_CONVERSION = YES;
				CLANG_WARN_DEPRECATED_OBJC_IMPLEMENTATIONS = YES;
				CLANG_WARN_DIRECT_OBJC_ISA_USAGE = YES_ERROR;
				CLANG_WARN_DOCUMENTATION_COMMENTS = YES;
				CLANG_WARN_EMPTY_BODY = YES;
				CLANG_WARN_ENUM_CONVERSION = YES;
				CLANG_WARN_INFINITE_RECURSION = YES;
				CLANG_WARN_INT_CONVERSION = YES;
				CLANG_WARN_NON_LITERAL_NULL_CONVERSION = YES;
				CLANG_WARN_OBJC_IMPLICIT_RETAIN_SELF = YES;
				CLANG_WARN_OBJC_LITERAL_CONVERSION = YES;
				CLANG_WARN_OBJC_ROOT_CLASS = YES_ERROR;
				CLANG_WARN_QUOTED_INCLUDE_IN_FRAMEWORK_HEADER = YES;
				CLANG_WARN_RANGE_LOOP_ANALYSIS = YES;
				CLANG_WARN_STRICT_PROTOTYPES = YES;
				CLANG_WARN_SUSPICIOUS_MOVE = YES;
				CLANG_WARN_UNGUARDED_AVAILABILITY = YES_AGGRESSIVE;
				CLANG_WARN_UNREACHABLE_CODE = YES;
				CLANG_WARN__DUPLICATE_METHOD_MATCH = YES;
				COPY_PHASE_STRIP = NO;
				DEBUG_INFORMATION_FORMAT = "dwarf-with-dsym";
				ENABLE_NS_ASSERTIONS = NO;
				ENABLE_STRICT_OBJC_MSGSEND = YES;
				ENABLE_USER_SCRIPT_SANDBOXING = YES;
				GCC_C_LANGUAGE_STANDARD = gnu17;
				GCC_NO_COMMON_BLOCKS = YES;
				GCC_WARN_64_TO_32_BIT_CONVERSION = YES;
				GCC_WARN_ABOUT_RETURN_TYPE = YES_ERROR;
				GCC_WARN_UNDECLARED_SELECTOR = YES;
				GCC_WARN_UNINITIALIZED_AUTOS = YES_AGGRESSIVE;
				GCC_WARN_UNUSED_FUNCTION = YES;
				GCC_WARN_UNUSED_VARIABLE = YES;
				IPHONEOS_DEPLOYMENT_TARGET = 17.2;
				LOCALIZATION_PREFERS_STRING_CATALOGS = YES;
				MTL_ENABLE_DEBUG_INFO = NO;
				MTL_FAST_MATH = YES;
				SDKROOT = iphoneos;
				SWIFT_COMPILATION_MODE = wholemodule;
				VALIDATE_PRODUCT = YES;
			};
			name = Release;
		};
		42AC0D4D2B53143800B51FC9 /* Debug */ = {
			isa = XCBuildConfiguration;
			buildSettings = {
				ASSETCATALOG_COMPILER_APPICON_NAME = AppIcon;
				ASSETCATALOG_COMPILER_GLOBAL_ACCENT_COLOR_NAME = AccentColor;
				CODE_SIGN_STYLE = Automatic;
				CURRENT_PROJECT_VERSION = 1;
				DEVELOPMENT_TEAM = 4TWRUF8BWC;
				GENERATE_INFOPLIST_FILE = YES;
				INFOPLIST_FILE = LineFlixMovie/Info.plist;
				INFOPLIST_KEY_UIApplicationSupportsIndirectInputEvents = YES;
				INFOPLIST_KEY_UILaunchStoryboardName = LaunchScreen;
				INFOPLIST_KEY_UISupportedInterfaceOrientations_iPad = "UIInterfaceOrientationPortrait UIInterfaceOrientationPortraitUpsideDown UIInterfaceOrientationLandscapeLeft UIInterfaceOrientationLandscapeRight";
				INFOPLIST_KEY_UISupportedInterfaceOrientations_iPhone = "UIInterfaceOrientationPortrait UIInterfaceOrientationLandscapeLeft UIInterfaceOrientationLandscapeRight";
				LD_RUNPATH_SEARCH_PATHS = (
					"$(inherited)",
					"@executable_path/Frameworks",
				);
				MARKETING_VERSION = 1.0;
				PRODUCT_BUNDLE_IDENTIFIER = Project.LineFlixMovie;
				PRODUCT_NAME = "$(TARGET_NAME)";
				SWIFT_EMIT_LOC_STRINGS = YES;
				SWIFT_VERSION = 5.0;
				TARGETED_DEVICE_FAMILY = "1,2";
			};
			name = Debug;
		};
		42AC0D4E2B53143800B51FC9 /* Release */ = {
			isa = XCBuildConfiguration;
			buildSettings = {
				ASSETCATALOG_COMPILER_APPICON_NAME = AppIcon;
				ASSETCATALOG_COMPILER_GLOBAL_ACCENT_COLOR_NAME = AccentColor;
				CODE_SIGN_STYLE = Automatic;
				CURRENT_PROJECT_VERSION = 1;
				DEVELOPMENT_TEAM = 4TWRUF8BWC;
				GENERATE_INFOPLIST_FILE = YES;
				INFOPLIST_FILE = LineFlixMovie/Info.plist;
				INFOPLIST_KEY_UIApplicationSupportsIndirectInputEvents = YES;
				INFOPLIST_KEY_UILaunchStoryboardName = LaunchScreen;
				INFOPLIST_KEY_UISupportedInterfaceOrientations_iPad = "UIInterfaceOrientationPortrait UIInterfaceOrientationPortraitUpsideDown UIInterfaceOrientationLandscapeLeft UIInterfaceOrientationLandscapeRight";
				INFOPLIST_KEY_UISupportedInterfaceOrientations_iPhone = "UIInterfaceOrientationPortrait UIInterfaceOrientationLandscapeLeft UIInterfaceOrientationLandscapeRight";
				LD_RUNPATH_SEARCH_PATHS = (
					"$(inherited)",
					"@executable_path/Frameworks",
				);
				MARKETING_VERSION = 1.0;
				PRODUCT_BUNDLE_IDENTIFIER = Project.LineFlixMovie;
				PRODUCT_NAME = "$(TARGET_NAME)";
				SWIFT_EMIT_LOC_STRINGS = YES;
				SWIFT_VERSION = 5.0;
				TARGETED_DEVICE_FAMILY = "1,2";
			};
			name = Release;
		};
/* End XCBuildConfiguration section */

/* Begin XCConfigurationList section */
		42AC0D332B53143700B51FC9 /* Build configuration list for PBXProject "LineFlixMovie" */ = {
			isa = XCConfigurationList;
			buildConfigurations = (
				42AC0D4A2B53143800B51FC9 /* Debug */,
				42AC0D4B2B53143800B51FC9 /* Release */,
			);
			defaultConfigurationIsVisible = 0;
			defaultConfigurationName = Release;
		};
		42AC0D4C2B53143800B51FC9 /* Build configuration list for PBXNativeTarget "LineFlixMovie" */ = {
			isa = XCConfigurationList;
			buildConfigurations = (
				42AC0D4D2B53143800B51FC9 /* Debug */,
				42AC0D4E2B53143800B51FC9 /* Release */,
			);
			defaultConfigurationIsVisible = 0;
			defaultConfigurationName = Release;
		};
/* End XCConfigurationList section */
	};
	rootObject = 42AC0D302B53143700B51FC9 /* Project object */;
}
